
Microsoft Visual Studio Solution File, Format Version 12.00
# Visual Studio Version 17
VisualStudioVersion = 17.4.33403.182
MinimumVisualStudioVersion = 10.0.40219.1
Project("{FAE04EC0-301F-11D3-BF4B-00C04F79EFBC}") = "Regex_Programs", "Regex_Programs.csproj", "{1BB602E7-EC37-4AE0-971D-F48F71B31D9D}"
EndProject
Global
	GlobalSection(SolutionConfigurationPlatforms) = preSolution
		Debug|Any CPU = Debug|Any CPU
		Release|Any CPU = Release|Any CPU
	EndGlobalSection
	GlobalSection(ProjectConfigurationPlatforms) = postSolution
		{1BB602E7-EC37-4AE0-971D-F48F71B31D9D}.Debug|Any CPU.ActiveCfg = Debug|Any CPU
		{1BB602E7-EC37-4AE0-971D-F48F71B31D9D}.Debug|Any CPU.Build.0 = Debug|Any CPU
		{1BB602E7-EC37-4AE0-971D-F48F71B31D9D}.Release|Any CPU.ActiveCfg = Release|Any CPU
		{1BB602E7-EC37-4AE0-971D-F48F71B31D9D}.Release|Any CPU.Build.0 = Release|Any CPU
	EndGlobalSection
	GlobalSection(SolutionProperties) = preSolution
		HideSolutionNode = FALSE
	EndGlobalSection
	GlobalSection(ExtensibilityGlobals) = postSolution
		SolutionGuid = {F27AFBAE-2A09-4A6F-881C-64C35D5DBF76}
	EndGlobalSection
EndGlobal
